
Microsoft Visual Studio Solution File, Format Version 12.00
# Visual Studio Version 17
VisualStudioVersion = 17.0.32112.339
MinimumVisualStudioVersion = 10.0.40219.1
Project("{FAE04EC0-301F-11D3-BF4B-00C04F79EFBC}") = "FileDeletor", "FileDeletor.csproj", "{57AE2665-44F5-488C-A2E5-49F0D4655678}"
EndProject
Global
	GlobalSection(SolutionConfigurationPlatforms) = preSolution
		Debug|Any CPU = Debug|Any CPU
		Release|Any CPU = Release|Any CPU
	EndGlobalSection
	GlobalSection(ProjectConfigurationPlatforms) = postSolution
		{57AE2665-44F5-488C-A2E5-49F0D4655678}.Debug|Any CPU.ActiveCfg = Debug|Any CPU
		{57AE2665-44F5-488C-A2E5-49F0D4655678}.Debug|Any CPU.Build.0 = Debug|Any CPU
		{57AE2665-44F5-488C-A2E5-49F0D4655678}.Release|Any CPU.ActiveCfg = Release|Any CPU
		{57AE2665-44F5-488C-A2E5-49F0D4655678}.Release|Any CPU.Build.0 = Release|Any CPU
	EndGlobalSection
	GlobalSection(SolutionProperties) = preSolution
		HideSolutionNode = FALSE
	EndGlobalSection
	GlobalSection(ExtensibilityGlobals) = postSolution
		SolutionGuid = {7A6AE3DD-9B30-4E97-BFA6-2A2247E8AF1A}
	EndGlobalSection
EndGlobal
